
Microsoft Visual Studio Solution File, Format Version 12.00
Project("{FAE04EC0-301F-11D3-BF4B-00C04F79EFBC}") = "first_app", "first_app.csproj", "{79996948-2CDB-45F4-BF96-B227B5DBDBD1}"
EndProject
Global
	GlobalSection(SolutionConfigurationPlatforms) = preSolution
		Debug|Any CPU = Debug|Any CPU
		Release|Any CPU = Release|Any CPU
	EndGlobalSection
	GlobalSection(ProjectConfigurationPlatforms) = postSolution
		{79996948-2CDB-45F4-BF96-B227B5DBDBD1}.Debug|Any CPU.ActiveCfg = Debug|Any CPU
		{79996948-2CDB-45F4-BF96-B227B5DBDBD1}.Debug|Any CPU.Build.0 = Debug|Any CPU
		{79996948-2CDB-45F4-BF96-B227B5DBDBD1}.Release|Any CPU.ActiveCfg = Release|Any CPU
		{79996948-2CDB-45F4-BF96-B227B5DBDBD1}.Release|Any CPU.Build.0 = Release|Any CPU
	EndGlobalSection
EndGlobal
